
Microsoft Visual Studio Solution File, Format Version 12.00
# Visual Studio 15
VisualStudioVersion = 15.0.26228.9
MinimumVisualStudioVersion = 10.0.40219.1
Project("{FAE04EC0-301F-11D3-BF4B-00C04F79EFBC}") = "CodeFirst", "CodeFirst\CodeFirst.csproj", "{ED964F08-6512-417D-BE7A-07E0EF33577D}"
EndProject
Project("{FAE04EC0-301F-11D3-BF4B-00C04F79EFBC}") = "CodeFirst.Tests", "CodeFirst.Tests\CodeFirst.Tests.csproj", "{998492DC-C536-42DD-ABBE-94F23B1A4C22}"
EndProject
Global
	GlobalSection(SolutionConfigurationPlatforms) = preSolution
		Debug|Any CPU = Debug|Any CPU
		Debug|x64 = Debug|x64
		Debug|x86 = Debug|x86
		Release|Any CPU = Release|Any CPU
		Release|x64 = Release|x64
		Release|x86 = Release|x86
	EndGlobalSection
	GlobalSection(ProjectConfigurationPlatforms) = postSolution
		{ED964F08-6512-417D-BE7A-07E0EF33577D}.Debug|Any CPU.ActiveCfg = Debug|Any CPU
		{ED964F08-6512-417D-BE7A-07E0EF33577D}.Debug|Any CPU.Build.0 = Debug|Any CPU
		{ED964F08-6512-417D-BE7A-07E0EF33577D}.Debug|x64.ActiveCfg = Debug|Any CPU
		{ED964F08-6512-417D-BE7A-07E0EF33577D}.Debug|x64.Build.0 = Debug|Any CPU
		{ED964F08-6512-417D-BE7A-07E0EF33577D}.Debug|x86.ActiveCfg = Debug|Any CPU
		{ED964F08-6512-417D-BE7A-07E0EF33577D}.Debug|x86.Build.0 = Debug|Any CPU
		{ED964F08-6512-417D-BE7A-07E0EF33577D}.Release|Any CPU.ActiveCfg = Release|Any CPU
		{ED964F08-6512-417D-BE7A-07E0EF33577D}.Release|Any CPU.Build.0 = Release|Any CPU
		{ED964F08-6512-417D-BE7A-07E0EF33577D}.Release|x64.ActiveCfg = Release|Any CPU
		{ED964F08-6512-417D-BE7A-07E0EF33577D}.Release|x64.Build.0 = Release|Any CPU
		{ED964F08-6512-417D-BE7A-07E0EF33577D}.Release|x86.ActiveCfg = Release|Any CPU
		{ED964F08-6512-417D-BE7A-07E0EF33577D}.Release|x86.Build.0 = Release|Any CPU
		{998492DC-C536-42DD-ABBE-94F23B1A4C22}.Debug|Any CPU.ActiveCfg = Debug|Any CPU
		{998492DC-C536-42DD-ABBE-94F23B1A4C22}.Debug|Any CPU.Build.0 = Debug|Any CPU
		{998492DC-C536-42DD-ABBE-94F23B1A4C22}.Debug|x64.ActiveCfg = Debug|Any CPU
		{998492DC-C536-42DD-ABBE-94F23B1A4C22}.Debug|x64.Build.0 = Debug|Any CPU
		{998492DC-C536-42DD-ABBE-94F23B1A4C22}.Debug|x86.ActiveCfg = Debug|Any CPU
		{998492DC-C536-42DD-ABBE-94F23B1A4C22}.Debug|x86.Build.0 = Debug|Any CPU
		{998492DC-C536-42DD-ABBE-94F23B1A4C22}.Release|Any CPU.ActiveCfg = Release|Any CPU
		{998492DC-C536-42DD-ABBE-94F23B1A4C22}.Release|Any CPU.Build.0 = Release|Any CPU
		{998492DC-C536-42DD-ABBE-94F23B1A4C22}.Release|x64.ActiveCfg = Release|Any CPU
		{998492DC-C536-42DD-ABBE-94F23B1A4C22}.Release|x64.Build.0 = Release|Any CPU
		{998492DC-C536-42DD-ABBE-94F23B1A4C22}.Release|x86.ActiveCfg = Release|Any CPU
		{998492DC-C536-42DD-ABBE-94F23B1A4C22}.Release|x86.Build.0 = Release|Any CPU
	EndGlobalSection
	GlobalSection(SolutionProperties) = preSolution
		HideSolutionNode = FALSE
	EndGlobalSection
EndGlobal
